
Microsoft Visual Studio Solution File, Format Version 12.00
# Visual Studio Version 17
VisualStudioVersion = 17.4.33110.190
MinimumVisualStudioVersion = 10.0.40219.1
Project("{9A19103F-16F7-4668-BE54-9A1E7A4F7556}") = "BlazorScrumApp", "BlazorScrumApp.csproj", "{B7698C06-6021-433E-946F-35F999248367}"
EndProject
Global
	GlobalSection(SolutionConfigurationPlatforms) = preSolution
		Debug|Any CPU = Debug|Any CPU
		Release|Any CPU = Release|Any CPU
	EndGlobalSection
	GlobalSection(ProjectConfigurationPlatforms) = postSolution
		{B7698C06-6021-433E-946F-35F999248367}.Debug|Any CPU.ActiveCfg = Debug|Any CPU
		{B7698C06-6021-433E-946F-35F999248367}.Debug|Any CPU.Build.0 = Debug|Any CPU
		{B7698C06-6021-433E-946F-35F999248367}.Release|Any CPU.ActiveCfg = Release|Any CPU
		{B7698C06-6021-433E-946F-35F999248367}.Release|Any CPU.Build.0 = Release|Any CPU
	EndGlobalSection
	GlobalSection(SolutionProperties) = preSolution
		HideSolutionNode = FALSE
	EndGlobalSection
	GlobalSection(ExtensibilityGlobals) = postSolution
		SolutionGuid = {40C40CAB-2786-4160-A022-58F685CEFB08}
	EndGlobalSection
EndGlobal
